
Microsoft Visual Studio Solution File, Format Version 12.00
# Visual Studio Version 17
VisualStudioVersion = 17.3.32804.467
MinimumVisualStudioVersion = 10.0.40219.1
Project("{FAE04EC0-301F-11D3-BF4B-00C04F79EFBC}") = "BenchTest", "BenchTest.csproj", "{D5579C06-45F8-4085-B04B-288DDDCF42CD}"
EndProject
Global
	GlobalSection(SolutionConfigurationPlatforms) = preSolution
		Debug|Any CPU = Debug|Any CPU
		Release|Any CPU = Release|Any CPU
	EndGlobalSection
	GlobalSection(ProjectConfigurationPlatforms) = postSolution
		{D5579C06-45F8-4085-B04B-288DDDCF42CD}.Debug|Any CPU.ActiveCfg = Debug|Any CPU
		{D5579C06-45F8-4085-B04B-288DDDCF42CD}.Debug|Any CPU.Build.0 = Debug|Any CPU
		{D5579C06-45F8-4085-B04B-288DDDCF42CD}.Release|Any CPU.ActiveCfg = Release|Any CPU
		{D5579C06-45F8-4085-B04B-288DDDCF42CD}.Release|Any CPU.Build.0 = Release|Any CPU
	EndGlobalSection
	GlobalSection(SolutionProperties) = preSolution
		HideSolutionNode = FALSE
	EndGlobalSection
	GlobalSection(ExtensibilityGlobals) = postSolution
		SolutionGuid = {CE6CBF43-7D1F-41B6-AA70-D2DC07F583AC}
	EndGlobalSection
EndGlobal
